
Microsoft Visual Studio Solution File, Format Version 12.00
# Visual Studio Version 16
VisualStudioVersion = 16.0.31702.278
MinimumVisualStudioVersion = 10.0.40219.1
Project("{FAE04EC0-301F-11D3-BF4B-00C04F79EFBC}") = "FileUploadAPI", "FileUploadAPI\FileUploadAPI.csproj", "{C9F93973-D44F-4134-8B57-659789242E8E}"
EndProject
Global
	GlobalSection(SolutionConfigurationPlatforms) = preSolution
		Debug|Any CPU = Debug|Any CPU
		Release|Any CPU = Release|Any CPU
	EndGlobalSection
	GlobalSection(ProjectConfigurationPlatforms) = postSolution
		{C9F93973-D44F-4134-8B57-659789242E8E}.Debug|Any CPU.ActiveCfg = Debug|Any CPU
		{C9F93973-D44F-4134-8B57-659789242E8E}.Debug|Any CPU.Build.0 = Debug|Any CPU
		{C9F93973-D44F-4134-8B57-659789242E8E}.Release|Any CPU.ActiveCfg = Release|Any CPU
		{C9F93973-D44F-4134-8B57-659789242E8E}.Release|Any CPU.Build.0 = Release|Any CPU
	EndGlobalSection
	GlobalSection(SolutionProperties) = preSolution
		HideSolutionNode = FALSE
	EndGlobalSection
	GlobalSection(ExtensibilityGlobals) = postSolution
		SolutionGuid = {DD2E2DB3-E3EC-4138-8859-F197E1E769DC}
	EndGlobalSection
EndGlobal
